{
  "name": "actions-testing",
  "lockfileVersion": 2,
  "requires": true,
  "packages": {
    "": {
      "devDependencies": {
        "cz-git": "^1.3.12"
      }
    },
    "node_modules/cz-git": {
      "version": "1.3.12",
      "resolved": "https://registry.npmjs.org/cz-git/-/cz-git-1.3.12.tgz",
      "integrity": "sha512-grTgbgjsRpvkYNjm8kmpvHHw/LkkS3SlQOOwgamhRZo7c5qQfts1QZdkJ6RP0K61BcxyH5siMz8qC/MDoW/tBA==",
      "dev": true
    }
  },
  "dependencies": {
    "cz-git": {
      "version": "1.3.12",
      "resolved": "https://registry.npmjs.org/cz-git/-/cz-git-1.3.12.tgz",
      "integrity": "sha512-grTgbgjsRpvkYNjm8kmpvHHw/LkkS3SlQOOwgamhRZo7c5qQfts1QZdkJ6RP0K61BcxyH5siMz8qC/MDoW/tBA==",
      "dev": true
    }
  }
}
